// !$*UTF8*$!
{
	archiveVersion = 1;
	classes = {
	};
	objectVersion = 51;
	objects = {

/* Begin PBXBuildFile section */
		09150DAD09396288F475C644 /* Pods_MyPorject.framework in Frameworks */ = {isa = PBXBuildFile; fileRef = 210DD5DE2084A3FF1398E51B /* Pods_MyPorject.framework */; };
		B60173CE25B6BC31006196D8 /* AppDelegate.m in Sources */ = {isa = PBXBuildFile; fileRef = B60173CD25B6BC31006196D8 /* AppDelegate.m */; };
		B60173D725B6BC31006196D8 /* Main.storyboard in Resources */ = {isa = PBXBuildFile; fileRef = B60173D525B6BC31006196D8 /* Main.storyboard */; };
		B60173D925B6BC32006196D8 /* Assets.xcassets in Resources */ = {isa = PBXBuildFile; fileRef = B60173D825B6BC32006196D8 /* Assets.xcassets */; };
		B60173DC25B6BC32006196D8 /* LaunchScreen.storyboard in Resources */ = {isa = PBXBuildFile; fileRef = B60173DA25B6BC32006196D8 /* LaunchScreen.storyboard */; };
		B60173DF25B6BC32006196D8 /* main.m in Sources */ = {isa = PBXBuildFile; fileRef = B60173DE25B6BC32006196D8 /* main.m */; };
		B60173F525B6C553006196D8 /* BaseController.m in Sources */ = {isa = PBXBuildFile; fileRef = B60173F425B6C553006196D8 /* BaseController.m */; };
		B60173FA25B6C568006196D8 /* BaseNavController.m in Sources */ = {isa = PBXBuildFile; fileRef = B60173F925B6C568006196D8 /* BaseNavController.m */; };
		B60173FE25B6C575006196D8 /* BaseView.m in Sources */ = {isa = PBXBuildFile; fileRef = B60173FD25B6C575006196D8 /* BaseView.m */; };
		B601740225B6C583006196D8 /* BaseTableView.m in Sources */ = {isa = PBXBuildFile; fileRef = B601740125B6C583006196D8 /* BaseTableView.m */; };
		B601740625B6C594006196D8 /* BaseTableViewCell.m in Sources */ = {isa = PBXBuildFile; fileRef = B601740525B6C594006196D8 /* BaseTableViewCell.m */; };
		B601741D25B6C6C8006196D8 /* HomeController.m in Sources */ = {isa = PBXBuildFile; fileRef = B601741C25B6C6C8006196D8 /* HomeController.m */; };
		B601743025B6D678006196D8 /* BaseTabbarController.m in Sources */ = {isa = PBXBuildFile; fileRef = B601742F25B6D678006196D8 /* BaseTabbarController.m */; };
		B601743425B6D92B006196D8 /* MineController.m in Sources */ = {isa = PBXBuildFile; fileRef = B601743325B6D92B006196D8 /* MineController.m */; };
		B60A1E7025B987BD0031201D /* HomeChildController.m in Sources */ = {isa = PBXBuildFile; fileRef = B60A1E6F25B987BD0031201D /* HomeChildController.m */; };
		B636CFB125B9579300D08220 /* UIView+Create.m in Sources */ = {isa = PBXBuildFile; fileRef = B636CFB025B9579300D08220 /* UIView+Create.m */; };
		B636CFE925B95DB700D08220 /* UIButton+Create.m in Sources */ = {isa = PBXBuildFile; fileRef = B636CFE825B95DB700D08220 /* UIButton+Create.m */; };
		B636CFED25B9660900D08220 /* UILabel+Create.m in Sources */ = {isa = PBXBuildFile; fileRef = B636CFEC25B9660900D08220 /* UILabel+Create.m */; };
		B636CFF125B9706D00D08220 /* UIImageView+Create.m in Sources */ = {isa = PBXBuildFile; fileRef = B636CFF025B9706D00D08220 /* UIImageView+Create.m */; };
		B636CFF725B9734F00D08220 /* NSString+Check.m in Sources */ = {isa = PBXBuildFile; fileRef = B636CFF625B9734F00D08220 /* NSString+Check.m */; };
		B651D15025BA6AB800F806C7 /* UIView+Frame.m in Sources */ = {isa = PBXBuildFile; fileRef = B651D14F25BA6AB800F806C7 /* UIView+Frame.m */; };
		B651D15525BA6F4000F806C7 /* BaseNavView.m in Sources */ = {isa = PBXBuildFile; fileRef = B651D15425BA6F4000F806C7 /* BaseNavView.m */; };
		B65C74FB25BAAA4A00F5B0AB /* UIScrollView+DIY.m in Sources */ = {isa = PBXBuildFile; fileRef = B65C74FA25BAAA4A00F5B0AB /* UIScrollView+DIY.m */; };
		B6AEAB5225BAD4B6007E7C8A /* send.gif in Resources */ = {isa = PBXBuildFile; fileRef = B6AEAB5125BAD4B6007E7C8A /* send.gif */; };
/* End PBXBuildFile section */

/* Begin PBXFileReference section */
		210DD5DE2084A3FF1398E51B /* Pods_MyPorject.framework */ = {isa = PBXFileReference; explicitFileType = wrapper.framework; includeInIndex = 0; path = Pods_MyPorject.framework; sourceTree = BUILT_PRODUCTS_DIR; };
		A2155CA14160B4DD5EC51F77 /* Pods-MyPorject.debug.xcconfig */ = {isa = PBXFileReference; includeInIndex = 1; lastKnownFileType = text.xcconfig; name = "Pods-MyPorject.debug.xcconfig"; path = "Target Support Files/Pods-MyPorject/Pods-MyPorject.debug.xcconfig"; sourceTree = "<group>"; };
		A5DDFA47CAA590812A18EE84 /* Pods-MyPorject.release.xcconfig */ = {isa = PBXFileReference; includeInIndex = 1; lastKnownFileType = text.xcconfig; name = "Pods-MyPorject.release.xcconfig"; path = "Target Support Files/Pods-MyPorject/Pods-MyPorject.release.xcconfig"; sourceTree = "<group>"; };
		B60173C925B6BC31006196D8 /* MyPorject.app */ = {isa = PBXFileReference; explicitFileType = wrapper.application; includeInIndex = 0; path = MyPorject.app; sourceTree = BUILT_PRODUCTS_DIR; };
		B60173CC25B6BC31006196D8 /* AppDelegate.h */ = {isa = PBXFileReference; lastKnownFileType = sourcecode.c.h; path = AppDelegate.h; sourceTree = "<group>"; };
		B60173CD25B6BC31006196D8 /* AppDelegate.m */ = {isa = PBXFileReference; lastKnownFileType = sourcecode.c.objc; path = AppDelegate.m; sourceTree = "<group>"; };
		B60173D625B6BC31006196D8 /* Base */ = {isa = PBXFileReference; lastKnownFileType = file.storyboard; name = Base; path = Base.lproj/Main.storyboard; sourceTree = "<group>"; };
		B60173D825B6BC32006196D8 /* Assets.xcassets */ = {isa = PBXFileReference; lastKnownFileType = folder.assetcatalog; path = Assets.xcassets; sourceTree = "<group>"; };
		B60173DB25B6BC32006196D8 /* Base */ = {isa = PBXFileReference; lastKnownFileType = file.storyboard; name = Base; path = Base.lproj/LaunchScreen.storyboard; sourceTree = "<group>"; };
		B60173DD25B6BC32006196D8 /* Info.plist */ = {isa = PBXFileReference; lastKnownFileType = text.plist.xml; path = Info.plist; sourceTree = "<group>"; };
		B60173DE25B6BC32006196D8 /* main.m */ = {isa = PBXFileReference; lastKnownFileType = sourcecode.c.objc; path = main.m; sourceTree = "<group>"; };
		B60173F325B6C553006196D8 /* BaseController.h */ = {isa = PBXFileReference; lastKnownFileType = sourcecode.c.h; path = BaseController.h; sourceTree = "<group>"; };
		B60173F425B6C553006196D8 /* BaseController.m */ = {isa = PBXFileReference; lastKnownFileType = sourcecode.c.objc; path = BaseController.m; sourceTree = "<group>"; };
		B60173F825B6C568006196D8 /* BaseNavController.h */ = {isa = PBXFileReference; lastKnownFileType = sourcecode.c.h; path = BaseNavController.h; sourceTree = "<group>"; };
		B60173F925B6C568006196D8 /* BaseNavController.m */ = {isa = PBXFileReference; lastKnownFileType = sourcecode.c.objc; path = BaseNavController.m; sourceTree = "<group>"; };
		B60173FC25B6C575006196D8 /* BaseView.h */ = {isa = PBXFileReference; lastKnownFileType = sourcecode.c.h; path = BaseView.h; sourceTree = "<group>"; };
		B60173FD25B6C575006196D8 /* BaseView.m */ = {isa = PBXFileReference; lastKnownFileType = sourcecode.c.objc; path = BaseView.m; sourceTree = "<group>"; };
		B601740025B6C583006196D8 /* BaseTableView.h */ = {isa = PBXFileReference; lastKnownFileType = sourcecode.c.h; path = BaseTableView.h; sourceTree = "<group>"; };
		B601740125B6C583006196D8 /* BaseTableView.m */ = {isa = PBXFileReference; lastKnownFileType = sourcecode.c.objc; path = BaseTableView.m; sourceTree = "<group>"; };
		B601740425B6C594006196D8 /* BaseTableViewCell.h */ = {isa = PBXFileReference; lastKnownFileType = sourcecode.c.h; path = BaseTableViewCell.h; sourceTree = "<group>"; };
		B601740525B6C594006196D8 /* BaseTableViewCell.m */ = {isa = PBXFileReference; lastKnownFileType = sourcecode.c.objc; path = BaseTableViewCell.m; sourceTree = "<group>"; };
		B601741B25B6C6C7006196D8 /* HomeController.h */ = {isa = PBXFileReference; lastKnownFileType = sourcecode.c.h; path = HomeController.h; sourceTree = "<group>"; };
		B601741C25B6C6C8006196D8 /* HomeController.m */ = {isa = PBXFileReference; lastKnownFileType = sourcecode.c.objc; path = HomeController.m; sourceTree = "<group>"; };
		B601742E25B6D678006196D8 /* BaseTabbarController.h */ = {isa = PBXFileReference; lastKnownFileType = sourcecode.c.h; path = BaseTabbarController.h; sourceTree = "<group>"; };
		B601742F25B6D678006196D8 /* BaseTabbarController.m */ = {isa = PBXFileReference; lastKnownFileType = sourcecode.c.objc; path = BaseTabbarController.m; sourceTree = "<group>"; };
		B601743225B6D92B006196D8 /* MineController.h */ = {isa = PBXFileReference; lastKnownFileType = sourcecode.c.h; path = MineController.h; sourceTree = "<group>"; };
		B601743325B6D92B006196D8 /* MineController.m */ = {isa = PBXFileReference; lastKnownFileType = sourcecode.c.objc; path = MineController.m; sourceTree = "<group>"; };
		B601744025B6E2C3006196D8 /* SystemConifg.h */ = {isa = PBXFileReference; lastKnownFileType = sourcecode.c.h; path = SystemConifg.h; sourceTree = "<group>"; };
		B60A1E6E25B987BD0031201D /* HomeChildController.h */ = {isa = PBXFileReference; lastKnownFileType = sourcecode.c.h; path = HomeChildController.h; sourceTree = "<group>"; };
		B60A1E6F25B987BD0031201D /* HomeChildController.m */ = {isa = PBXFileReference; lastKnownFileType = sourcecode.c.objc; path = HomeChildController.m; sourceTree = "<group>"; };
		B60EE75825B7CB4C00922A58 /* BusinessSystemConfig.h */ = {isa = PBXFileReference; lastKnownFileType = sourcecode.c.h; path = BusinessSystemConfig.h; sourceTree = "<group>"; };
		B636CFA225B9560C00D08220 /* BusinessRequestConfig.h */ = {isa = PBXFileReference; lastKnownFileType = sourcecode.c.h; path = BusinessRequestConfig.h; sourceTree = "<group>"; };
		B636CFAF25B9579200D08220 /* UIView+Create.h */ = {isa = PBXFileReference; lastKnownFileType = sourcecode.c.h; path = "UIView+Create.h"; sourceTree = "<group>"; };
		B636CFB025B9579300D08220 /* UIView+Create.m */ = {isa = PBXFileReference; lastKnownFileType = sourcecode.c.objc; path = "UIView+Create.m"; sourceTree = "<group>"; };
		B636CFE525B95D2200D08220 /* BusinessHeader.h */ = {isa = PBXFileReference; lastKnownFileType = sourcecode.c.h; path = BusinessHeader.h; sourceTree = "<group>"; };
		B636CFE725B95DB700D08220 /* UIButton+Create.h */ = {isa = PBXFileReference; lastKnownFileType = sourcecode.c.h; path = "UIButton+Create.h"; sourceTree = "<group>"; };
		B636CFE825B95DB700D08220 /* UIButton+Create.m */ = {isa = PBXFileReference; lastKnownFileType = sourcecode.c.objc; path = "UIButton+Create.m"; sourceTree = "<group>"; };
		B636CFEB25B9660900D08220 /* UILabel+Create.h */ = {isa = PBXFileReference; lastKnownFileType = sourcecode.c.h; path = "UILabel+Create.h"; sourceTree = "<group>"; };
		B636CFEC25B9660900D08220 /* UILabel+Create.m */ = {isa = PBXFileReference; lastKnownFileType = sourcecode.c.objc; path = "UILabel+Create.m"; sourceTree = "<group>"; };
		B636CFEF25B9706D00D08220 /* UIImageView+Create.h */ = {isa = PBXFileReference; lastKnownFileType = sourcecode.c.h; path = "UIImageView+Create.h"; sourceTree = "<group>"; };
		B636CFF025B9706D00D08220 /* UIImageView+Create.m */ = {isa = PBXFileReference; lastKnownFileType = sourcecode.c.objc; path = "UIImageView+Create.m"; sourceTree = "<group>"; };
		B636CFF525B9734F00D08220 /* NSString+Check.h */ = {isa = PBXFileReference; lastKnownFileType = sourcecode.c.h; path = "NSString+Check.h"; sourceTree = "<group>"; };
		B636CFF625B9734F00D08220 /* NSString+Check.m */ = {isa = PBXFileReference; lastKnownFileType = sourcecode.c.objc; path = "NSString+Check.m"; sourceTree = "<group>"; };
		B651D14E25BA6AB800F806C7 /* UIView+Frame.h */ = {isa = PBXFileReference; lastKnownFileType = sourcecode.c.h; path = "UIView+Frame.h"; sourceTree = "<group>"; };
		B651D14F25BA6AB800F806C7 /* UIView+Frame.m */ = {isa = PBXFileReference; lastKnownFileType = sourcecode.c.objc; path = "UIView+Frame.m"; sourceTree = "<group>"; };
		B651D15325BA6F4000F806C7 /* BaseNavView.h */ = {isa = PBXFileReference; lastKnownFileType = sourcecode.c.h; path = BaseNavView.h; sourceTree = "<group>"; };
		B651D15425BA6F4000F806C7 /* BaseNavView.m */ = {isa = PBXFileReference; lastKnownFileType = sourcecode.c.objc; path = BaseNavView.m; sourceTree = "<group>"; };
		B65C74F925BAAA4A00F5B0AB /* UIScrollView+DIY.h */ = {isa = PBXFileReference; lastKnownFileType = sourcecode.c.h; path = "UIScrollView+DIY.h"; sourceTree = "<group>"; };
		B65C74FA25BAAA4A00F5B0AB /* UIScrollView+DIY.m */ = {isa = PBXFileReference; lastKnownFileType = sourcecode.c.objc; path = "UIScrollView+DIY.m"; sourceTree = "<group>"; };
		B6AEAB5125BAD4B6007E7C8A /* send.gif */ = {isa = PBXFileReference; lastKnownFileType = image.gif; path = send.gif; sourceTree = "<group>"; };
/* End PBXFileReference section */

/* Begin PBXFrameworksBuildPhase section */
		B60173C625B6BC31006196D8 /* Frameworks */ = {
			isa = PBXFrameworksBuildPhase;
			buildActionMask = 2147483647;
			files = (
				09150DAD09396288F475C644 /* Pods_MyPorject.framework in Frameworks */,
			);
			runOnlyForDeploymentPostprocessing = 0;
		};
/* End PBXFrameworksBuildPhase section */

/* Begin PBXGroup section */
		6779BBD9314DB46524C7F6AB /* Pods */ = {
			isa = PBXGroup;
			children = (
				A2155CA14160B4DD5EC51F77 /* Pods-MyPorject.debug.xcconfig */,
				A5DDFA47CAA590812A18EE84 /* Pods-MyPorject.release.xcconfig */,
			);
			path = Pods;
			sourceTree = "<group>";
		};
		B50AAE8F407C43AB52149A34 /* Frameworks */ = {
			isa = PBXGroup;
			children = (
				210DD5DE2084A3FF1398E51B /* Pods_MyPorject.framework */,
			);
			name = Frameworks;
			sourceTree = "<group>";
		};
		B60173C025B6BC31006196D8 = {
			isa = PBXGroup;
			children = (
				B60173CB25B6BC31006196D8 /* MyPorject */,
				B60173CA25B6BC31006196D8 /* Products */,
				6779BBD9314DB46524C7F6AB /* Pods */,
				B50AAE8F407C43AB52149A34 /* Frameworks */,
			);
			sourceTree = "<group>";
		};
		B60173CA25B6BC31006196D8 /* Products */ = {
			isa = PBXGroup;
			children = (
				B60173C925B6BC31006196D8 /* MyPorject.app */,
			);
			name = Products;
			sourceTree = "<group>";
		};
		B60173CB25B6BC31006196D8 /* MyPorject */ = {
			isa = PBXGroup;
			children = (
				B60173CC25B6BC31006196D8 /* AppDelegate.h */,
				B60173CD25B6BC31006196D8 /* AppDelegate.m */,
				B601740825B6C5AA006196D8 /* business(业务逻辑) */,
				B601740A25B6C5E1006196D8 /* tools(工具类) */,
				B60173E825B6C380006196D8 /* other */,
			);
			path = MyPorject;
			sourceTree = "<group>";
		};
		B60173E825B6C380006196D8 /* other */ = {
			isa = PBXGroup;
			children = (
				B60173D525B6BC31006196D8 /* Main.storyboard */,
				B60173D825B6BC32006196D8 /* Assets.xcassets */,
				B60173DA25B6BC32006196D8 /* LaunchScreen.storyboard */,
				B60173DD25B6BC32006196D8 /* Info.plist */,
				B60173DE25B6BC32006196D8 /* main.m */,
			);
			path = other;
			sourceTree = "<group>";
		};
		B60173EF25B6C4BA006196D8 /* base(基础类) */ = {
			isa = PBXGroup;
			children = (
				B60173F225B6C4D5006196D8 /* controller */,
				B60173F025B6C4C5006196D8 /* views */,
			);
			path = "base(基础类)";
			sourceTree = "<group>";
		};
		B60173F025B6C4C5006196D8 /* views */ = {
			isa = PBXGroup;
			children = (
				B60173FC25B6C575006196D8 /* BaseView.h */,
				B60173FD25B6C575006196D8 /* BaseView.m */,
				B601740025B6C583006196D8 /* BaseTableView.h */,
				B601740125B6C583006196D8 /* BaseTableView.m */,
				B601740425B6C594006196D8 /* BaseTableViewCell.h */,
				B601740525B6C594006196D8 /* BaseTableViewCell.m */,
				B651D15325BA6F4000F806C7 /* BaseNavView.h */,
				B651D15425BA6F4000F806C7 /* BaseNavView.m */,
			);
			path = views;
			sourceTree = "<group>";
		};
		B60173F225B6C4D5006196D8 /* controller */ = {
			isa = PBXGroup;
			children = (
				B60173F325B6C553006196D8 /* BaseController.h */,
				B60173F425B6C553006196D8 /* BaseController.m */,
				B60173F825B6C568006196D8 /* BaseNavController.h */,
				B60173F925B6C568006196D8 /* BaseNavController.m */,
				B601742E25B6D678006196D8 /* BaseTabbarController.h */,
				B601742F25B6D678006196D8 /* BaseTabbarController.m */,
			);
			path = controller;
			sourceTree = "<group>";
		};
		B601740825B6C5AA006196D8 /* business(业务逻辑) */ = {
			isa = PBXGroup;
			children = (
				B601740B25B6C5F5006196D8 /* business_tools(业务工具类) */,
				B60173EF25B6C4BA006196D8 /* base(基础类) */,
				B601740C25B6C60B006196D8 /* business_(业务逻辑类) */,
			);
			path = "business(业务逻辑)";
			sourceTree = "<group>";
		};
		B601740A25B6C5E1006196D8 /* tools(工具类) */ = {
			isa = PBXGroup;
			children = (
				B636CFF325B9731800D08220 /* category */,
			);
			path = "tools(工具类)";
			sourceTree = "<group>";
		};
		B601740B25B6C5F5006196D8 /* business_tools(业务工具类) */ = {
			isa = PBXGroup;
			children = (
				B60EE75A25B7CBBB00922A58 /* config(配置) */,
			);
			path = "business_tools(业务工具类)";
			sourceTree = "<group>";
		};
		B601740C25B6C60B006196D8 /* business_(业务逻辑类) */ = {
			isa = PBXGroup;
			children = (
				B601740D25B6C628006196D8 /* home(首页) */,
				B601740E25B6C63A006196D8 /* mine(我的) */,
			);
			path = "business_(业务逻辑类)";
			sourceTree = "<group>";
		};
		B601740D25B6C628006196D8 /* home(首页) */ = {
			isa = PBXGroup;
			children = (
				B601741025B6C64C006196D8 /* controllers */,
				B601741125B6C653006196D8 /* models */,
				B601740F25B6C644006196D8 /* views */,
			);
			path = "home(首页)";
			sourceTree = "<group>";
		};
		B601740E25B6C63A006196D8 /* mine(我的) */ = {
			isa = PBXGroup;
			children = (
				B601741225B6C66F006196D8 /* controllers */,
				B601741325B6C66F006196D8 /* models */,
				B601741425B6C66F006196D8 /* views */,
			);
			path = "mine(我的)";
			sourceTree = "<group>";
		};
		B601740F25B6C644006196D8 /* views */ = {
			isa = PBXGroup;
			children = (
			);
			path = views;
			sourceTree = "<group>";
		};
		B601741025B6C64C006196D8 /* controllers */ = {
			isa = PBXGroup;
			children = (
				B601741B25B6C6C7006196D8 /* HomeController.h */,
				B601741C25B6C6C8006196D8 /* HomeController.m */,
				B60A1E6E25B987BD0031201D /* HomeChildController.h */,
				B60A1E6F25B987BD0031201D /* HomeChildController.m */,
			);
			path = controllers;
			sourceTree = "<group>";
		};
		B601741125B6C653006196D8 /* models */ = {
			isa = PBXGroup;
			children = (
			);
			path = models;
			sourceTree = "<group>";
		};
		B601741225B6C66F006196D8 /* controllers */ = {
			isa = PBXGroup;
			children = (
				B601743225B6D92B006196D8 /* MineController.h */,
				B601743325B6D92B006196D8 /* MineController.m */,
			);
			path = controllers;
			sourceTree = "<group>";
		};
		B601741325B6C66F006196D8 /* models */ = {
			isa = PBXGroup;
			children = (
			);
			path = models;
			sourceTree = "<group>";
		};
		B601741425B6C66F006196D8 /* views */ = {
			isa = PBXGroup;
			children = (
			);
			path = views;
			sourceTree = "<group>";
		};
		B60EE75A25B7CBBB00922A58 /* config(配置) */ = {
			isa = PBXGroup;
			children = (
				B6AEAB5125BAD4B6007E7C8A /* send.gif */,
				B601744025B6E2C3006196D8 /* SystemConifg.h */,
				B636CFE525B95D2200D08220 /* BusinessHeader.h */,
				B60EE75825B7CB4C00922A58 /* BusinessSystemConfig.h */,
				B636CFA225B9560C00D08220 /* BusinessRequestConfig.h */,
			);
			path = "config(配置)";
			sourceTree = "<group>";
		};
		B636CFAE25B9576400D08220 /* UICreate(基本UI控件创建) */ = {
			isa = PBXGroup;
			children = (
				B636CFAF25B9579200D08220 /* UIView+Create.h */,
				B636CFB025B9579300D08220 /* UIView+Create.m */,
				B651D14E25BA6AB800F806C7 /* UIView+Frame.h */,
				B651D14F25BA6AB800F806C7 /* UIView+Frame.m */,
				B636CFE725B95DB700D08220 /* UIButton+Create.h */,
				B636CFE825B95DB700D08220 /* UIButton+Create.m */,
				B636CFEB25B9660900D08220 /* UILabel+Create.h */,
				B636CFEC25B9660900D08220 /* UILabel+Create.m */,
				B636CFEF25B9706D00D08220 /* UIImageView+Create.h */,
				B636CFF025B9706D00D08220 /* UIImageView+Create.m */,
			);
			path = "UICreate(基本UI控件创建)";
			sourceTree = "<group>";
		};
		B636CFF325B9731800D08220 /* category */ = {
			isa = PBXGroup;
			children = (
				B636CFF425B9733200D08220 /* Other(其他) */,
				B636CFAE25B9576400D08220 /* UICreate(基本UI控件创建) */,
			);
			path = category;
			sourceTree = "<group>";
		};
		B636CFF425B9733200D08220 /* Other(其他) */ = {
			isa = PBXGroup;
			children = (
				B636CFF525B9734F00D08220 /* NSString+Check.h */,
				B636CFF625B9734F00D08220 /* NSString+Check.m */,
				B65C74F925BAAA4A00F5B0AB /* UIScrollView+DIY.h */,
				B65C74FA25BAAA4A00F5B0AB /* UIScrollView+DIY.m */,
			);
			path = "Other(其他)";
			sourceTree = "<group>";
		};
/* End PBXGroup section */

/* Begin PBXNativeTarget section */
		B60173C825B6BC31006196D8 /* MyPorject */ = {
			isa = PBXNativeTarget;
			buildConfigurationList = B60173E225B6BC32006196D8 /* Build configuration list for PBXNativeTarget "MyPorject" */;
			buildPhases = (
				D1C913DFD501184D432A6EE3 /* [CP] Check Pods Manifest.lock */,
				B60173C525B6BC31006196D8 /* Sources */,
				B60173C625B6BC31006196D8 /* Frameworks */,
				B60173C725B6BC31006196D8 /* Resources */,
				E8A3153A04B777EBB57D5C7D /* [CP] Embed Pods Frameworks */,
			);
			buildRules = (
			);
			dependencies = (
			);
			name = MyPorject;
			productName = MyPorject;
			productReference = B60173C925B6BC31006196D8 /* MyPorject.app */;
			productType = "com.apple.product-type.application";
		};
/* End PBXNativeTarget section */

/* Begin PBXProject section */
		B60173C125B6BC31006196D8 /* Project object */ = {
			isa = PBXProject;
			attributes = {
				LastUpgradeCheck = 1230;
				TargetAttributes = {
					B60173C825B6BC31006196D8 = {
						CreatedOnToolsVersion = 12.3;
					};
				};
			};
			buildConfigurationList = B60173C425B6BC31006196D8 /* Build configuration list for PBXProject "MyPorject" */;
			compatibilityVersion = "Xcode 9.3";
			developmentRegion = en;
			hasScannedForEncodings = 0;
			knownRegions = (
				en,
				Base,
			);
			mainGroup = B60173C025B6BC31006196D8;
			productRefGroup = B60173CA25B6BC31006196D8 /* Products */;
			projectDirPath = "";
			projectRoot = "";
			targets = (
				B60173C825B6BC31006196D8 /* MyPorject */,
			);
		};
/* End PBXProject section */

/* Begin PBXResourcesBuildPhase section */
		B60173C725B6BC31006196D8 /* Resources */ = {
			isa = PBXResourcesBuildPhase;
			buildActionMask = 2147483647;
			files = (
				B60173DC25B6BC32006196D8 /* LaunchScreen.storyboard in Resources */,
				B60173D925B6BC32006196D8 /* Assets.xcassets in Resources */,
				B60173D725B6BC31006196D8 /* Main.storyboard in Resources */,
				B6AEAB5225BAD4B6007E7C8A /* send.gif in Resources */,
			);
			runOnlyForDeploymentPostprocessing = 0;
		};
/* End PBXResourcesBuildPhase section */

/* Begin PBXShellScriptBuildPhase section */
		D1C913DFD501184D432A6EE3 /* [CP] Check Pods Manifest.lock */ = {
			isa = PBXShellScriptBuildPhase;
			buildActionMask = 2147483647;
			files = (
			);
			inputFileListPaths = (
			);
			inputPaths = (
				"${PODS_PODFILE_DIR_PATH}/Podfile.lock",
				"${PODS_ROOT}/Manifest.lock",
			);
			name = "[CP] Check Pods Manifest.lock";
			outputFileListPaths = (
			);
			outputPaths = (
				"$(DERIVED_FILE_DIR)/Pods-MyPorject-checkManifestLockResult.txt",
			);
			runOnlyForDeploymentPostprocessing = 0;
			shellPath = /bin/sh;
			shellScript = "diff \"${PODS_PODFILE_DIR_PATH}/Podfile.lock\" \"${PODS_ROOT}/Manifest.lock\" > /dev/null\nif [ $? != 0 ] ; then\n    # print error to STDERR\n    echo \"error: The sandbox is not in sync with the Podfile.lock. Run 'pod install' or update your CocoaPods installation.\" >&2\n    exit 1\nfi\n# This output is used by Xcode 'outputs' to avoid re-running this script phase.\necho \"SUCCESS\" > \"${SCRIPT_OUTPUT_FILE_0}\"\n";
			showEnvVarsInLog = 0;
		};
		E8A3153A04B777EBB57D5C7D /* [CP] Embed Pods Frameworks */ = {
			isa = PBXShellScriptBuildPhase;
			buildActionMask = 2147483647;
			files = (
			);
			inputFileListPaths = (
				"${PODS_ROOT}/Target Support Files/Pods-MyPorject/Pods-MyPorject-frameworks-${CONFIGURATION}-input-files.xcfilelist",
			);
			name = "[CP] Embed Pods Frameworks";
			outputFileListPaths = (
				"${PODS_ROOT}/Target Support Files/Pods-MyPorject/Pods-MyPorject-frameworks-${CONFIGURATION}-output-files.xcfilelist",
			);
			runOnlyForDeploymentPostprocessing = 0;
			shellPath = /bin/sh;
			shellScript = "\"${PODS_ROOT}/Target Support Files/Pods-MyPorject/Pods-MyPorject-frameworks.sh\"\n";
			showEnvVarsInLog = 0;
		};
/* End PBXShellScriptBuildPhase section */

/* Begin PBXSourcesBuildPhase section */
		B60173C525B6BC31006196D8 /* Sources */ = {
			isa = PBXSourcesBuildPhase;
			buildActionMask = 2147483647;
			files = (
				B601741D25B6C6C8006196D8 /* HomeController.m in Sources */,
				B60A1E7025B987BD0031201D /* HomeChildController.m in Sources */,
				B601740225B6C583006196D8 /* BaseTableView.m in Sources */,
				B60173CE25B6BC31006196D8 /* AppDelegate.m in Sources */,
				B636CFB125B9579300D08220 /* UIView+Create.m in Sources */,
				B636CFF125B9706D00D08220 /* UIImageView+Create.m in Sources */,
				B60173F525B6C553006196D8 /* BaseController.m in Sources */,
				B651D15525BA6F4000F806C7 /* BaseNavView.m in Sources */,
				B636CFE925B95DB700D08220 /* UIButton+Create.m in Sources */,
				B65C74FB25BAAA4A00F5B0AB /* UIScrollView+DIY.m in Sources */,
				B601743025B6D678006196D8 /* BaseTabbarController.m in Sources */,
				B60173FE25B6C575006196D8 /* BaseView.m in Sources */,
				B636CFF725B9734F00D08220 /* NSString+Check.m in Sources */,
				B636CFED25B9660900D08220 /* UILabel+Create.m in Sources */,
				B651D15025BA6AB800F806C7 /* UIView+Frame.m in Sources */,
				B60173FA25B6C568006196D8 /* BaseNavController.m in Sources */,
				B601740625B6C594006196D8 /* BaseTableViewCell.m in Sources */,
				B601743425B6D92B006196D8 /* MineController.m in Sources */,
				B60173DF25B6BC32006196D8 /* main.m in Sources */,
			);
			runOnlyForDeploymentPostprocessing = 0;
		};
/* End PBXSourcesBuildPhase section */

/* Begin PBXVariantGroup section */
		B60173D525B6BC31006196D8 /* Main.storyboard */ = {
			isa = PBXVariantGroup;
			children = (
				B60173D625B6BC31006196D8 /* Base */,
			);
			name = Main.storyboard;
			sourceTree = "<group>";
		};
		B60173DA25B6BC32006196D8 /* LaunchScreen.storyboard */ = {
			isa = PBXVariantGroup;
			children = (
				B60173DB25B6BC32006196D8 /* Base */,
			);
			name = LaunchScreen.storyboard;
			sourceTree = "<group>";
		};
/* End PBXVariantGroup section */

/* Begin XCBuildConfiguration section */
		B60173E025B6BC32006196D8 /* Debug */ = {
			isa = XCBuildConfiguration;
			buildSettings = {
				ALWAYS_SEARCH_USER_PATHS = NO;
				CLANG_ANALYZER_NONNULL = YES;
				CLANG_ANALYZER_NUMBER_OBJECT_CONVERSION = YES_AGGRESSIVE;
				CLANG_CXX_LANGUAGE_STANDARD = "gnu++14";
				CLANG_CXX_LIBRARY = "libc++";
				CLANG_ENABLE_MODULES = YES;
				CLANG_ENABLE_OBJC_ARC = YES;
				CLANG_ENABLE_OBJC_WEAK = YES;
				CLANG_WARN_BLOCK_CAPTURE_AUTORELEASING = YES;
				CLANG_WARN_BOOL_CONVERSION = YES;
				CLANG_WARN_COMMA = YES;
				CLANG_WARN_CONSTANT_CONVERSION = YES;
				CLANG_WARN_DEPRECATED_OBJC_IMPLEMENTATIONS = YES;
				CLANG_WARN_DIRECT_OBJC_ISA_USAGE = YES_ERROR;
				CLANG_WARN_DOCUMENTATION_COMMENTS = YES;
				CLANG_WARN_EMPTY_BODY = YES;
				CLANG_WARN_ENUM_CONVERSION = YES;
				CLANG_WARN_INFINITE_RECURSION = YES;
				CLANG_WARN_INT_CONVERSION = YES;
				CLANG_WARN_NON_LITERAL_NULL_CONVERSION = YES;
				CLANG_WARN_OBJC_IMPLICIT_RETAIN_SELF = YES;
				CLANG_WARN_OBJC_LITERAL_CONVERSION = YES;
				CLANG_WARN_OBJC_ROOT_CLASS = YES_ERROR;
				CLANG_WARN_QUOTED_INCLUDE_IN_FRAMEWORK_HEADER = YES;
				CLANG_WARN_RANGE_LOOP_ANALYSIS = YES;
				CLANG_WARN_STRICT_PROTOTYPES = YES;
				CLANG_WARN_SUSPICIOUS_MOVE = YES;
				CLANG_WARN_UNGUARDED_AVAILABILITY = YES_AGGRESSIVE;
				CLANG_WARN_UNREACHABLE_CODE = YES;
				CLANG_WARN__DUPLICATE_METHOD_MATCH = YES;
				COPY_PHASE_STRIP = NO;
				DEBUG_INFORMATION_FORMAT = dwarf;
				ENABLE_STRICT_OBJC_MSGSEND = YES;
				ENABLE_TESTABILITY = YES;
				GCC_C_LANGUAGE_STANDARD = gnu11;
				GCC_DYNAMIC_NO_PIC = NO;
				GCC_NO_COMMON_BLOCKS = YES;
				GCC_OPTIMIZATION_LEVEL = 0;
				GCC_PREPROCESSOR_DEFINITIONS = (
					"DEBUG=1",
					"$(inherited)",
				);
				GCC_WARN_64_TO_32_BIT_CONVERSION = YES;
				GCC_WARN_ABOUT_RETURN_TYPE = YES_ERROR;
				GCC_WARN_UNDECLARED_SELECTOR = YES;
				GCC_WARN_UNINITIALIZED_AUTOS = YES_AGGRESSIVE;
				GCC_WARN_UNUSED_FUNCTION = YES;
				GCC_WARN_UNUSED_VARIABLE = YES;
				IPHONEOS_DEPLOYMENT_TARGET = 10.0;
				MTL_ENABLE_DEBUG_INFO = INCLUDE_SOURCE;
				MTL_FAST_MATH = YES;
				ONLY_ACTIVE_ARCH = YES;
				SDKROOT = iphoneos;
			};
			name = Debug;
		};
		B60173E125B6BC32006196D8 /* Release */ = {
			isa = XCBuildConfiguration;
			buildSettings = {
				ALWAYS_SEARCH_USER_PATHS = NO;
				CLANG_ANALYZER_NONNULL = YES;
				CLANG_ANALYZER_NUMBER_OBJECT_CONVERSION = YES_AGGRESSIVE;
				CLANG_CXX_LANGUAGE_STANDARD = "gnu++14";
				CLANG_CXX_LIBRARY = "libc++";
				CLANG_ENABLE_MODULES = YES;
				CLANG_ENABLE_OBJC_ARC = YES;
				CLANG_ENABLE_OBJC_WEAK = YES;
				CLANG_WARN_BLOCK_CAPTURE_AUTORELEASING = YES;
				CLANG_WARN_BOOL_CONVERSION = YES;
				CLANG_WARN_COMMA = YES;
				CLANG_WARN_CONSTANT_CONVERSION = YES;
				CLANG_WARN_DEPRECATED_OBJC_IMPLEMENTATIONS = YES;
				CLANG_WARN_DIRECT_OBJC_ISA_USAGE = YES_ERROR;
				CLANG_WARN_DOCUMENTATION_COMMENTS = YES;
				CLANG_WARN_EMPTY_BODY = YES;
				CLANG_WARN_ENUM_CONVERSION = YES;
				CLANG_WARN_INFINITE_RECURSION = YES;
				CLANG_WARN_INT_CONVERSION = YES;
				CLANG_WARN_NON_LITERAL_NULL_CONVERSION = YES;
				CLANG_WARN_OBJC_IMPLICIT_RETAIN_SELF = YES;
				CLANG_WARN_OBJC_LITERAL_CONVERSION = YES;
				CLANG_WARN_OBJC_ROOT_CLASS = YES_ERROR;
				CLANG_WARN_QUOTED_INCLUDE_IN_FRAMEWORK_HEADER = YES;
				CLANG_WARN_RANGE_LOOP_ANALYSIS = YES;
				CLANG_WARN_STRICT_PROTOTYPES = YES;
				CLANG_WARN_SUSPICIOUS_MOVE = YES;
				CLANG_WARN_UNGUARDED_AVAILABILITY = YES_AGGRESSIVE;
				CLANG_WARN_UNREACHABLE_CODE = YES;
				CLANG_WARN__DUPLICATE_METHOD_MATCH = YES;
				COPY_PHASE_STRIP = NO;
				DEBUG_INFORMATION_FORMAT = "dwarf-with-dsym";
				ENABLE_NS_ASSERTIONS = NO;
				ENABLE_STRICT_OBJC_MSGSEND = YES;
				GCC_C_LANGUAGE_STANDARD = gnu11;
				GCC_NO_COMMON_BLOCKS = YES;
				GCC_WARN_64_TO_32_BIT_CONVERSION = YES;
				GCC_WARN_ABOUT_RETURN_TYPE = YES_ERROR;
				GCC_WARN_UNDECLARED_SELECTOR = YES;
				GCC_WARN_UNINITIALIZED_AUTOS = YES_AGGRESSIVE;
				GCC_WARN_UNUSED_FUNCTION = YES;
				GCC_WARN_UNUSED_VARIABLE = YES;
				IPHONEOS_DEPLOYMENT_TARGET = 10.0;
				MTL_ENABLE_DEBUG_INFO = NO;
				MTL_FAST_MATH = YES;
				SDKROOT = iphoneos;
				VALIDATE_PRODUCT = YES;
			};
			name = Release;
		};
		B60173E325B6BC32006196D8 /* Debug */ = {
			isa = XCBuildConfiguration;
			baseConfigurationReference = A2155CA14160B4DD5EC51F77 /* Pods-MyPorject.debug.xcconfig */;
			buildSettings = {
				ASSETCATALOG_COMPILER_APPICON_NAME = AppIcon;
				ASSETCATALOG_COMPILER_GLOBAL_ACCENT_COLOR_NAME = AccentColor;
				CODE_SIGN_STYLE = Automatic;
				CURRENT_PROJECT_VERSION = 1.0;
				INFOPLIST_FILE = MyPorject/other/Info.plist;
				IPHONEOS_DEPLOYMENT_TARGET = 10.0;
				LD_RUNPATH_SEARCH_PATHS = (
					"$(inherited)",
					"@executable_path/Frameworks",
				);
				MARKETING_VERSION = 1.0.0;
				PRODUCT_BUNDLE_IDENTIFIER = Tzl.MyPorject;
				PRODUCT_NAME = "$(TARGET_NAME)";
				TARGETED_DEVICE_FAMILY = "1,2";
			};
			name = Debug;
		};
		B60173E425B6BC32006196D8 /* Release */ = {
			isa = XCBuildConfiguration;
			baseConfigurationReference = A5DDFA47CAA590812A18EE84 /* Pods-MyPorject.release.xcconfig */;
			buildSettings = {
				ASSETCATALOG_COMPILER_APPICON_NAME = AppIcon;
				ASSETCATALOG_COMPILER_GLOBAL_ACCENT_COLOR_NAME = AccentColor;
				CODE_SIGN_STYLE = Automatic;
				CURRENT_PROJECT_VERSION = 1.0;
				INFOPLIST_FILE = MyPorject/other/Info.plist;
				IPHONEOS_DEPLOYMENT_TARGET = 10.0;
				LD_RUNPATH_SEARCH_PATHS = (
					"$(inherited)",
					"@executable_path/Frameworks",
				);
				MARKETING_VERSION = 1.0.0;
				PRODUCT_BUNDLE_IDENTIFIER = Tzl.MyPorject;
				PRODUCT_NAME = "$(TARGET_NAME)";
				TARGETED_DEVICE_FAMILY = "1,2";
			};
			name = Release;
		};
/* End XCBuildConfiguration section */

/* Begin XCConfigurationList section */
		B60173C425B6BC31006196D8 /* Build configuration list for PBXProject "MyPorject" */ = {
			isa = XCConfigurationList;
			buildConfigurations = (
				B60173E025B6BC32006196D8 /* Debug */,
				B60173E125B6BC32006196D8 /* Release */,
			);
			defaultConfigurationIsVisible = 0;
			defaultConfigurationName = Release;
		};
		B60173E225B6BC32006196D8 /* Build configuration list for PBXNativeTarget "MyPorject" */ = {
			isa = XCConfigurationList;
			buildConfigurations = (
				B60173E325B6BC32006196D8 /* Debug */,
				B60173E425B6BC32006196D8 /* Release */,
			);
			defaultConfigurationIsVisible = 0;
			defaultConfigurationName = Release;
		};
/* End XCConfigurationList section */
	};
	rootObject = B60173C125B6BC31006196D8 /* Project object */;
}
